
Microsoft Visual Studio Solution File, Format Version 12.00
# Visual Studio 15
Project("{FAE04EC0-301F-11D3-BF4B-00C04F79EFBC}") = "Assembly-CSharp", "Assembly-CSharp.csproj", "{D418F4E8-4B43-DF02-233E-33ED5EBD7B9C}"
EndProject
Project("{FAE04EC0-301F-11D3-BF4B-00C04F79EFBC}") = "ParrelSync", "ParrelSync.csproj", "{7BD1CAFD-AB53-C8CC-6ED3-B187526C8EF2}"
EndProject
Project("{FAE04EC0-301F-11D3-BF4B-00C04F79EFBC}") = "OccaSoftware.Crosshairs.Editor", "OccaSoftware.Crosshairs.Editor.csproj", "{483D291F-71BD-C53D-04B2-BAC521B3261B}"
EndProject
Project("{FAE04EC0-301F-11D3-BF4B-00C04F79EFBC}") = "Assembly-CSharp-Editor", "Assembly-CSharp-Editor.csproj", "{8D632AD5-AE3E-294F-D67F-DDEACD638034}"
EndProject
Global
	GlobalSection(SolutionConfigurationPlatforms) = preSolution
		Debug|Any CPU = Debug|Any CPU
		Release|Any CPU = Release|Any CPU
	EndGlobalSection
	GlobalSection(ProjectConfigurationPlatforms) = postSolution
		{D418F4E8-4B43-DF02-233E-33ED5EBD7B9C}.Debug|Any CPU.ActiveCfg = Debug|Any CPU
		{D418F4E8-4B43-DF02-233E-33ED5EBD7B9C}.Debug|Any CPU.Build.0 = Debug|Any CPU
		{D418F4E8-4B43-DF02-233E-33ED5EBD7B9C}.Release|Any CPU.ActiveCfg = Release|Any CPU
		{D418F4E8-4B43-DF02-233E-33ED5EBD7B9C}.Release|Any CPU.Build.0 = Release|Any CPU
		{7BD1CAFD-AB53-C8CC-6ED3-B187526C8EF2}.Debug|Any CPU.ActiveCfg = Debug|Any CPU
		{7BD1CAFD-AB53-C8CC-6ED3-B187526C8EF2}.Debug|Any CPU.Build.0 = Debug|Any CPU
		{7BD1CAFD-AB53-C8CC-6ED3-B187526C8EF2}.Release|Any CPU.ActiveCfg = Release|Any CPU
		{7BD1CAFD-AB53-C8CC-6ED3-B187526C8EF2}.Release|Any CPU.Build.0 = Release|Any CPU
		{483D291F-71BD-C53D-04B2-BAC521B3261B}.Debug|Any CPU.ActiveCfg = Debug|Any CPU
		{483D291F-71BD-C53D-04B2-BAC521B3261B}.Debug|Any CPU.Build.0 = Debug|Any CPU
		{483D291F-71BD-C53D-04B2-BAC521B3261B}.Release|Any CPU.ActiveCfg = Release|Any CPU
		{483D291F-71BD-C53D-04B2-BAC521B3261B}.Release|Any CPU.Build.0 = Release|Any CPU
		{8D632AD5-AE3E-294F-D67F-DDEACD638034}.Debug|Any CPU.ActiveCfg = Debug|Any CPU
		{8D632AD5-AE3E-294F-D67F-DDEACD638034}.Debug|Any CPU.Build.0 = Debug|Any CPU
		{8D632AD5-AE3E-294F-D67F-DDEACD638034}.Release|Any CPU.ActiveCfg = Release|Any CPU
		{8D632AD5-AE3E-294F-D67F-DDEACD638034}.Release|Any CPU.Build.0 = Release|Any CPU
	EndGlobalSection
	GlobalSection(SolutionProperties) = preSolution
		HideSolutionNode = FALSE
	EndGlobalSection
EndGlobal
